Microsoft Visual Studio Solution File, Format Version 11.00
# Visual Studio 2008

Project("{C598C389-95EF-89EE-FF54-13662EA5DFC9}") = "new project", "Assembly-CSharp.csproj", "{7F919EB7-4144-1C6C-9495-72D9E34E5B20}"
EndProject
Global
	GlobalSection(SolutionConfigurationPlatforms) = preSolution
		Debug|Any CPU = Debug|Any CPU
		Release|Any CPU = Release|Any CPU
	EndGlobalSection
	GlobalSection(ProjectConfigurationPlatforms) = postSolution
		{7F919EB7-4144-1C6C-9495-72D9E34E5B20}.Debug|Any CPU.ActiveCfg = Debug|Any CPU
		{7F919EB7-4144-1C6C-9495-72D9E34E5B20}.Debug|Any CPU.Build.0 = Debug|Any CPU
		{7F919EB7-4144-1C6C-9495-72D9E34E5B20}.Release|Any CPU.ActiveCfg = Release|Any CPU
		{7F919EB7-4144-1C6C-9495-72D9E34E5B20}.Release|Any CPU.Build.0 = Release|Any CPU
	EndGlobalSection
	GlobalSection(SolutionProperties) = preSolution
		HideSolutionNode = FALSE
	EndGlobalSection
	GlobalSection(MonoDevelopProperties) = preSolution
		StartupItem = Assembly-CSharp.csproj
	EndGlobalSection
EndGlobal
