Microsoft Visual Studio Solution File, Format Version 11.00
# Visual Studio 2008

Project("{AFB99219-B788-0351-01FD-9DA5EF359835}") = "tutorial space shooter", "Assembly-CSharp.csproj", "{8043F20F-CDD6-F761-40DB-D22C09B73F0C}"
EndProject
Global
	GlobalSection(SolutionConfigurationPlatforms) = preSolution
		Debug|Any CPU = Debug|Any CPU
		Release|Any CPU = Release|Any CPU
	EndGlobalSection
	GlobalSection(ProjectConfigurationPlatforms) = postSolution
		{8043F20F-CDD6-F761-40DB-D22C09B73F0C}.Debug|Any CPU.ActiveCfg = Debug|Any CPU
		{8043F20F-CDD6-F761-40DB-D22C09B73F0C}.Debug|Any CPU.Build.0 = Debug|Any CPU
		{8043F20F-CDD6-F761-40DB-D22C09B73F0C}.Release|Any CPU.ActiveCfg = Release|Any CPU
		{8043F20F-CDD6-F761-40DB-D22C09B73F0C}.Release|Any CPU.Build.0 = Release|Any CPU
	EndGlobalSection
	GlobalSection(SolutionProperties) = preSolution
		HideSolutionNode = FALSE
	EndGlobalSection
	GlobalSection(MonoDevelopProperties) = preSolution
		StartupItem = Assembly-CSharp.csproj
	EndGlobalSection
EndGlobal
